Microsoft Visual Studio Solution File, Format Version 12.00
# Visual Studio Version 17
VisualStudioVersion = 17.5.2.0
MinimumVisualStudioVersion = 10.0.40219.1
Project("{FAE04EC0-301F-11D3-BF4B-00C04F79EFBC}") = "FrameFlow", "FrameFlow.csproj", "{00C8A854-9148-87A7-945B-05EA2A24F68E}"
EndProject
Global
	GlobalSection(SolutionConfigurationPlatforms) = preSolution
		Debug|Any CPU = Debug|Any CPU
		Release|Any CPU = Release|Any CPU
	EndGlobalSection
	GlobalSection(ProjectConfigurationPlatforms) = postSolution
		{00C8A854-9148-87A7-945B-05EA2A24F68E}.Debug|Any CPU.ActiveCfg = Debug|Any CPU
		{00C8A854-9148-87A7-945B-05EA2A24F68E}.Debug|Any CPU.Build.0 = Debug|Any CPU
		{00C8A854-9148-87A7-945B-05EA2A24F68E}.Release|Any CPU.ActiveCfg = Release|Any CPU
		{00C8A854-9148-87A7-945B-05EA2A24F68E}.Release|Any CPU.Build.0 = Release|Any CPU
	EndGlobalSection
	GlobalSection(SolutionProperties) = preSolution
		HideSolutionNode = FALSE
	EndGlobalSection
	GlobalSection(ExtensibilityGlobals) = postSolution
		SolutionGuid = {577B29AE-83A1-4FBB-B2A1-818921A9373D}
	EndGlobalSection
EndGlobal
